// !$*UTF8*$!
{
	archiveVersion = 1;
	classes = {
	};
	objectVersion = 48;
	objects = {

/* Begin PBXBuildFile section */
		7BB807F21C30AC420017F10B /* json_to_html.cpp in Sources */ = {isa = PBXBuildFile; fileRef = 7BB807DD1C30AC420017F10B /* json_to_html.cpp */; };
/* End PBXBuildFile section */

/* Begin PBXCopyFilesBuildPhase section */
		7BB807D01C30AA7D0017F10B /* CopyFiles */ = {
			isa = PBXCopyFilesBuildPhase;
			buildActionMask = 2147483647;
			dstPath = /usr/share/man/man1/;
			dstSubfolderSpec = 0;
			files = (
			);
			runOnlyForDeploymentPostprocessing = 1;
		};
/* End PBXCopyFilesBuildPhase section */

/* Begin PBXFileReference section */
		710694941E43990A00885BA4 /* jsoncons */ = {isa = PBXFileReference; lastKnownFileType = folder; name = jsoncons; path = src/jsoncons/src/jsoncons; sourceTree = "<group>"; };
		7BB807D21C30AA7D0017F10B /* json_to_html */ = {isa = PBXFileReference; explicitFileType = "compiled.mach-o.executable"; includeInIndex = 0; path = json_to_html; sourceTree = BUILT_PRODUCTS_DIR; };
		7BB807DC1C30AC420017F10B /* header_html.h */ = {isa = PBXFileReference; fileEncoding = 4; lastKnownFileType = sourcecode.c.h; name = header_html.h; path = src/header_html.h; sourceTree = "<group>"; };
		7BB807DD1C30AC420017F10B /* json_to_html.cpp */ = {isa = PBXFileReference; fileEncoding = 4; lastKnownFileType = sourcecode.cpp.cpp; name = json_to_html.cpp; path = src/json_to_html.cpp; sourceTree = "<group>"; };
/* End PBXFileReference section */

/* Begin PBXFrameworksBuildPhase section */
		7BB807CF1C30AA7D0017F10B /* Frameworks */ = {
			isa = PBXFrameworksBuildPhase;
			buildActionMask = 2147483647;
			files = (
			);
			runOnlyForDeploymentPostprocessing = 0;
		};
/* End PBXFrameworksBuildPhase section */

/* Begin PBXGroup section */
		7BB807C91C30AA7D0017F10B = {
			isa = PBXGroup;
			children = (
				7BB807DC1C30AC420017F10B /* header_html.h */,
				7BB807DD1C30AC420017F10B /* json_to_html.cpp */,
				7BB807D31C30AA7D0017F10B /* Products */,
				710694941E43990A00885BA4 /* jsoncons */,
			);
			sourceTree = "<group>";
		};
		7BB807D31C30AA7D0017F10B /* Products */ = {
			isa = PBXGroup;
			children = (
				7BB807D21C30AA7D0017F10B /* json_to_html */,
			);
			name = Products;
			sourceTree = "<group>";
		};
/* End PBXGroup section */

/* Begin PBXNativeTarget section */
		7BB807D11C30AA7D0017F10B /* json_to_html */ = {
			isa = PBXNativeTarget;
			buildConfigurationList = 7BB807D91C30AA7D0017F10B /* Build configuration list for PBXNativeTarget "json_to_html" */;
			buildPhases = (
				7BB807CE1C30AA7D0017F10B /* Sources */,
				7BB807CF1C30AA7D0017F10B /* Frameworks */,
				7BB807D01C30AA7D0017F10B /* CopyFiles */,
			);
			buildRules = (
			);
			dependencies = (
			);
			name = json_to_html;
			productName = json_to_html;
			productReference = 7BB807D21C30AA7D0017F10B /* json_to_html */;
			productType = "com.apple.product-type.tool";
		};
/* End PBXNativeTarget section */

/* Begin PBXProject section */
		7BB807CA1C30AA7D0017F10B /* Project object */ = {
			isa = PBXProject;
			attributes = {
				LastUpgradeCheck = 0820;
				ORGANIZATIONNAME = "Stefano Sinigardi";
				TargetAttributes = {
					7BB807D11C30AA7D0017F10B = {
						CreatedOnToolsVersion = 7.2;
					};
				};
			};
			buildConfigurationList = 7BB807CD1C30AA7D0017F10B /* Build configuration list for PBXProject "json_to_html" */;
			compatibilityVersion = "Xcode 8.0";
			developmentRegion = English;
			hasScannedForEncodings = 0;
			knownRegions = (
				en,
			);
			mainGroup = 7BB807C91C30AA7D0017F10B;
			productRefGroup = 7BB807D31C30AA7D0017F10B /* Products */;
			projectDirPath = "";
			projectRoot = "";
			targets = (
				7BB807D11C30AA7D0017F10B /* json_to_html */,
			);
		};
/* End PBXProject section */

/* Begin PBXSourcesBuildPhase section */
		7BB807CE1C30AA7D0017F10B /* Sources */ = {
			isa = PBXSourcesBuildPhase;
			buildActionMask = 2147483647;
			files = (
				7BB807F21C30AC420017F10B /* json_to_html.cpp in Sources */,
			);
			runOnlyForDeploymentPostprocessing = 0;
		};
/* End PBXSourcesBuildPhase section */

/* Begin XCBuildConfiguration section */
		7BB807D71C30AA7D0017F10B /* Debug */ = {
			isa = XCBuildConfiguration;
			buildSettings = {
				ALWAYS_SEARCH_USER_PATHS = NO;
				CLANG_CXX_LANGUAGE_STANDARD = "gnu++0x";
				CLANG_CXX_LIBRARY = "libc++";
				CLANG_ENABLE_MODULES = YES;
				CLANG_ENABLE_OBJC_ARC = YES;
				CLANG_WARN_BOOL_CONVERSION = YES;
				CLANG_WARN_CONSTANT_CONVERSION = YES;
				CLANG_WARN_DIRECT_OBJC_ISA_USAGE = YES_ERROR;
				CLANG_WARN_EMPTY_BODY = YES;
				CLANG_WARN_ENUM_CONVERSION = YES;
				CLANG_WARN_INFINITE_RECURSION = YES;
				CLANG_WARN_INT_CONVERSION = YES;
				CLANG_WARN_OBJC_ROOT_CLASS = YES_ERROR;
				CLANG_WARN_SUSPICIOUS_MOVE = YES;
				CLANG_WARN_UNREACHABLE_CODE = YES;
				CLANG_WARN__DUPLICATE_METHOD_MATCH = YES;
				CODE_SIGN_IDENTITY = "-";
				COPY_PHASE_STRIP = NO;
				DEBUG_INFORMATION_FORMAT = dwarf;
				ENABLE_STRICT_OBJC_MSGSEND = YES;
				ENABLE_TESTABILITY = YES;
				GCC_C_LANGUAGE_STANDARD = gnu99;
				GCC_DYNAMIC_NO_PIC = NO;
				GCC_NO_COMMON_BLOCKS = YES;
				GCC_OPTIMIZATION_LEVEL = 0;
				GCC_PREPROCESSOR_DEFINITIONS = (
					"DEBUG=1",
					"$(inherited)",
				);
				GCC_WARN_64_TO_32_BIT_CONVERSION = YES;
				GCC_WARN_ABOUT_RETURN_TYPE = YES_ERROR;
				GCC_WARN_UNDECLARED_SELECTOR = YES;
				GCC_WARN_UNINITIALIZED_AUTOS = YES_AGGRESSIVE;
				GCC_WARN_UNUSED_FUNCTION = YES;
				GCC_WARN_UNUSED_VARIABLE = YES;
				MACOSX_DEPLOYMENT_TARGET = 10.12;
				MTL_ENABLE_DEBUG_INFO = YES;
				ONLY_ACTIVE_ARCH = YES;
				SDKROOT = macosx;
			};
			name = Debug;
		};
		7BB807D81C30AA7D0017F10B /* Release */ = {
			isa = XCBuildConfiguration;
			buildSettings = {
				ALWAYS_SEARCH_USER_PATHS = NO;
				CLANG_CXX_LANGUAGE_STANDARD = "gnu++0x";
				CLANG_CXX_LIBRARY = "libc++";
				CLANG_ENABLE_MODULES = YES;
				CLANG_ENABLE_OBJC_ARC = YES;
				CLANG_WARN_BOOL_CONVERSION = YES;
				CLANG_WARN_CONSTANT_CONVERSION = YES;
				CLANG_WARN_DIRECT_OBJC_ISA_USAGE = YES_ERROR;
				CLANG_WARN_EMPTY_BODY = YES;
				CLANG_WARN_ENUM_CONVERSION = YES;
				CLANG_WARN_INFINITE_RECURSION = YES;
				CLANG_WARN_INT_CONVERSION = YES;
				CLANG_WARN_OBJC_ROOT_CLASS = YES_ERROR;
				CLANG_WARN_SUSPICIOUS_MOVE = YES;
				CLANG_WARN_UNREACHABLE_CODE = YES;
				CLANG_WARN__DUPLICATE_METHOD_MATCH = YES;
				CODE_SIGN_IDENTITY = "-";
				COPY_PHASE_STRIP = NO;
				DEBUG_INFORMATION_FORMAT = "dwarf-with-dsym";
				ENABLE_NS_ASSERTIONS = NO;
				ENABLE_STRICT_OBJC_MSGSEND = YES;
				GCC_C_LANGUAGE_STANDARD = gnu99;
				GCC_NO_COMMON_BLOCKS = YES;
				GCC_WARN_64_TO_32_BIT_CONVERSION = YES;
				GCC_WARN_ABOUT_RETURN_TYPE = YES_ERROR;
				GCC_WARN_UNDECLARED_SELECTOR = YES;
				GCC_WARN_UNINITIALIZED_AUTOS = YES_AGGRESSIVE;
				GCC_WARN_UNUSED_FUNCTION = YES;
				GCC_WARN_UNUSED_VARIABLE = YES;
				MACOSX_DEPLOYMENT_TARGET = 10.12;
				MTL_ENABLE_DEBUG_INFO = NO;
				SDKROOT = macosx;
			};
			name = Release;
		};
		7BB807DA1C30AA7D0017F10B /* Debug */ = {
			isa = XCBuildConfiguration;
			buildSettings = {
				HEADER_SEARCH_PATHS = (
					src/,
					"src/jsoncons/src/\n",
				);
				PRODUCT_NAME = "$(TARGET_NAME)";
			};
			name = Debug;
		};
		7BB807DB1C30AA7D0017F10B /* Release */ = {
			isa = XCBuildConfiguration;
			buildSettings = {
				HEADER_SEARCH_PATHS = (
					src/,
					"src/jsoncons/src/\n",
				);
				PRODUCT_NAME = "$(TARGET_NAME)";
			};
			name = Release;
		};
/* End XCBuildConfiguration section */

/* Begin XCConfigurationList section */
		7BB807CD1C30AA7D0017F10B /* Build configuration list for PBXProject "json_to_html" */ = {
			isa = XCConfigurationList;
			buildConfigurations = (
				7BB807D71C30AA7D0017F10B /* Debug */,
				7BB807D81C30AA7D0017F10B /* Release */,
			);
			defaultConfigurationIsVisible = 0;
			defaultConfigurationName = Release;
		};
		7BB807D91C30AA7D0017F10B /* Build configuration list for PBXNativeTarget "json_to_html" */ = {
			isa = XCConfigurationList;
			buildConfigurations = (
				7BB807DA1C30AA7D0017F10B /* Debug */,
				7BB807DB1C30AA7D0017F10B /* Release */,
			);
			defaultConfigurationIsVisible = 0;
			defaultConfigurationName = Release;
		};
/* End XCConfigurationList section */
	};
	rootObject = 7BB807CA1C30AA7D0017F10B /* Project object */;
}
